<?xml version="1.0" encoding="utf-8"?>
<Project ToolsVersion="4.0" xmlns="http://schemas.microsoft.com/developer/msbuild/2003">
  <ItemGroup>
    <Filter Include="Исходные файлы">
      <UniqueIdentifier>{4FC737F1-C7A5-4376-A066-2A32D752A2FF}</UniqueIdentifier>
      <Extensions>cpp;c;cc;cxx;c++;cppm;ixx;def;odl;idl;hpj;bat;asm;asmx</Extensions>
    </Filter>
    <Filter Include="Файлы заголовков">
      <UniqueIdentifier>{93995380-89BD-4b04-88EB-625FBE52EBFB}</UniqueIdentifier>
      <Extensions>h;hh;hpp;hxx;h++;hm;inl;inc;ipp;xsd</Extensions>
    </Filter>
    <Filter Include="Файлы ресурсов">
      <UniqueIdentifier>{67DA6AB6-F800-4c08-8B7A-83BB121AAD01}</UniqueIdentifier>
      <Extensions>rc;ico;cur;bmp;dlg;rc2;rct;bin;rgs;gif;jpg;jpeg;jpe;resx;tiff;tif;png;wav;mfcribbon-ms</Extensions>
    </Filter>
    <Filter Include="Файлы заголовков\collections">
      <UniqueIdentifier>{2a3a8073-2df5-47ba-8f66-a7af92a54458}</UniqueIdentifier>
    </Filter>
    <Filter Include="Файлы заголовков\network">
      <UniqueIdentifier>{0ed3580e-81fa-4872-986e-2ede05bccd7c}</UniqueIdentifier>
    </Filter>
    <Filter Include="Файлы заголовков\filesystem">
      <UniqueIdentifier>{d0f94cd1-168e-4cd0-a312-e9d225d076cc}</UniqueIdentifier>
    </Filter>
    <Filter Include="Файлы заголовков\utils">
      <UniqueIdentifier>{3ee66f67-ac99-4e63-8aa9-ba3d27508472}</UniqueIdentifier>
    </Filter>
  </ItemGroup>
  <ItemGroup>
    <ClCompile Include="xProject.cpp">
      <Filter>Исходные файлы</Filter>
    </ClCompile>
  </ItemGroup>
  <ItemGroup>
    <ClInclude Include="xProject_pch.hpp">
      <Filter>Файлы заголовков</Filter>
    </ClInclude>
    <ClInclude Include="collections\QeueuLockfree.hpp">
      <Filter>Файлы заголовков\collections</Filter>
    </ClInclude>
    <ClInclude Include="collections\Queue.hpp">
      <Filter>Файлы заголовков\collections</Filter>
    </ClInclude>
    <ClInclude Include="network\ClientInterface.hpp">
      <Filter>Файлы заголовков\network</Filter>
    </ClInclude>
    <ClInclude Include="network\Connection.hpp">
      <Filter>Файлы заголовков\network</Filter>
    </ClInclude>
    <ClInclude Include="network\ServerInterface.hpp">
      <Filter>Файлы заголовков\network</Filter>
    </ClInclude>
    <ClInclude Include="filesystem\FilesystemManager.hpp">
      <Filter>Файлы заголовков\filesystem</Filter>
    </ClInclude>
    <ClInclude Include="utils\CommandParser.hpp">
      <Filter>Файлы заголовков\utils</Filter>
    </ClInclude>
    <ClInclude Include="utils\ThreadPool.hpp">
      <Filter>Файлы заголовков\utils</Filter>
    </ClInclude>
    <ClInclude Include="utils\Utils.hpp">
      <Filter>Файлы заголовков\utils</Filter>
    </ClInclude>
    <ClInclude Include="network\Handler.hpp">
      <Filter>Файлы заголовков\network</Filter>
    </ClInclude>
    <ClInclude Include="filesystem\FileIO.hpp">
      <Filter>Файлы заголовков\filesystem</Filter>
    </ClInclude>
    <ClInclude Include="filesystem\PathStruct.hpp">
      <Filter>Файлы заголовков\filesystem</Filter>
    </ClInclude>
    <ClInclude Include="network\MessageInterface.hpp">
      <Filter>Файлы заголовков\network</Filter>
    </ClInclude>
    <ClInclude Include="utils\Timer.hpp">
      <Filter>Файлы заголовков\utils</Filter>
    </ClInclude>
  </ItemGroup>
</Project>